
Microsoft Visual Studio Solution File, Format Version 12.00
# Visual Studio Version 16
VisualStudioVersion = 16.0.31729.503
MinimumVisualStudioVersion = 10.0.40219.1
Project("{FAE04EC0-301F-11D3-BF4B-00C04F79EFBC}") = "Interpreter", "Interpreter\Interpreter.csproj", "{CBDDA18A-E7B2-473C-8DD7-057441A43B2A}"
EndProject
Project("{FAE04EC0-301F-11D3-BF4B-00C04F79EFBC}") = "InterpreterTest", "InterpreterTest\InterpreterTest.csproj", "{466399CB-BA87-43F7-966F-2AA6A2F2DFB2}"
EndProject
Global
	GlobalSection(SolutionConfigurationPlatforms) = preSolution
		Debug|Any CPU = Debug|Any CPU
		Release|Any CPU = Release|Any CPU
	EndGlobalSection
	GlobalSection(ProjectConfigurationPlatforms) = postSolution
		{CBDDA18A-E7B2-473C-8DD7-057441A43B2A}.Debug|Any CPU.ActiveCfg = Debug|Any CPU
		{CBDDA18A-E7B2-473C-8DD7-057441A43B2A}.Debug|Any CPU.Build.0 = Debug|Any CPU
		{CBDDA18A-E7B2-473C-8DD7-057441A43B2A}.Release|Any CPU.ActiveCfg = Release|Any CPU
		{CBDDA18A-E7B2-473C-8DD7-057441A43B2A}.Release|Any CPU.Build.0 = Release|Any CPU
		{466399CB-BA87-43F7-966F-2AA6A2F2DFB2}.Debug|Any CPU.ActiveCfg = Debug|Any CPU
		{466399CB-BA87-43F7-966F-2AA6A2F2DFB2}.Debug|Any CPU.Build.0 = Debug|Any CPU
		{466399CB-BA87-43F7-966F-2AA6A2F2DFB2}.Release|Any CPU.ActiveCfg = Release|Any CPU
		{466399CB-BA87-43F7-966F-2AA6A2F2DFB2}.Release|Any CPU.Build.0 = Release|Any CPU
	EndGlobalSection
	GlobalSection(SolutionProperties) = preSolution
		HideSolutionNode = FALSE
	EndGlobalSection
	GlobalSection(ExtensibilityGlobals) = postSolution
		SolutionGuid = {07139A6F-4A92-43C6-ADE6-B0520FF863BF}
	EndGlobalSection
EndGlobal
